
Microsoft Visual Studio Solution File, Format Version 12.00
# Visual Studio Version 16
VisualStudioVersion = 16.0.29123.88
MinimumVisualStudioVersion = 10.0.40219.1
Project("{9A19103F-16F7-4668-BE54-9A1E7A4F7556}") = "WebStore", "WebStore.csproj", "{73468513-B894-4DA8-8E0D-3CEF35E625B8}"
EndProject
Project("{9A19103F-16F7-4668-BE54-9A1E7A4F7556}") = "WebStore.Domain", "..\StoreWeb.Domain\WebStore.Domain.csproj", "{7D320117-4F50-4BDB-A827-635B9609FA83}"
EndProject
Project("{FAE04EC0-301F-11D3-BF4B-00C04F79EFBC}") = "WebStore.Service", "..\WebStore.Service\WebStore.Service.csproj", "{9477EEF6-96D2-44E9-A0D0-8876128AACBB}"
EndProject
Project("{FAE04EC0-301F-11D3-BF4B-00C04F79EFBC}") = "WebStory.Repository", "..\WebStory.Repository\WebStory.Repository.csproj", "{FD6E32AD-D4E3-4FF5-8448-B2D1AF0F993B}"
EndProject
Project("{FAE04EC0-301F-11D3-BF4B-00C04F79EFBC}") = "WebStore.Business", "..\WebStore.Business\WebStore.Business.csproj", "{1B248BEA-9875-4A5B-8F37-77B91920842D}"
EndProject
Project("{FAE04EC0-301F-11D3-BF4B-00C04F79EFBC}") = "WebStore.Aplication", "..\WebStore.Aplication\WebStore.Aplication.csproj", "{7CA922E2-B7FD-4D21-9238-8CD08E91B12B}"
EndProject
Global
	GlobalSection(SolutionConfigurationPlatforms) = preSolution
		Debug|Any CPU = Debug|Any CPU
		Release|Any CPU = Release|Any CPU
	EndGlobalSection
	GlobalSection(ProjectConfigurationPlatforms) = postSolution
		{73468513-B894-4DA8-8E0D-3CEF35E625B8}.Debug|Any CPU.ActiveCfg = Debug|Any CPU
		{73468513-B894-4DA8-8E0D-3CEF35E625B8}.Debug|Any CPU.Build.0 = Debug|Any CPU
		{73468513-B894-4DA8-8E0D-3CEF35E625B8}.Release|Any CPU.ActiveCfg = Release|Any CPU
		{73468513-B894-4DA8-8E0D-3CEF35E625B8}.Release|Any CPU.Build.0 = Release|Any CPU
		{7D320117-4F50-4BDB-A827-635B9609FA83}.Debug|Any CPU.ActiveCfg = Debug|Any CPU
		{7D320117-4F50-4BDB-A827-635B9609FA83}.Debug|Any CPU.Build.0 = Debug|Any CPU
		{7D320117-4F50-4BDB-A827-635B9609FA83}.Release|Any CPU.ActiveCfg = Release|Any CPU
		{7D320117-4F50-4BDB-A827-635B9609FA83}.Release|Any CPU.Build.0 = Release|Any CPU
		{9477EEF6-96D2-44E9-A0D0-8876128AACBB}.Debug|Any CPU.ActiveCfg = Debug|Any CPU
		{9477EEF6-96D2-44E9-A0D0-8876128AACBB}.Debug|Any CPU.Build.0 = Debug|Any CPU
		{9477EEF6-96D2-44E9-A0D0-8876128AACBB}.Release|Any CPU.ActiveCfg = Release|Any CPU
		{9477EEF6-96D2-44E9-A0D0-8876128AACBB}.Release|Any CPU.Build.0 = Release|Any CPU
		{FD6E32AD-D4E3-4FF5-8448-B2D1AF0F993B}.Debug|Any CPU.ActiveCfg = Debug|Any CPU
		{FD6E32AD-D4E3-4FF5-8448-B2D1AF0F993B}.Debug|Any CPU.Build.0 = Debug|Any CPU
		{FD6E32AD-D4E3-4FF5-8448-B2D1AF0F993B}.Release|Any CPU.ActiveCfg = Release|Any CPU
		{FD6E32AD-D4E3-4FF5-8448-B2D1AF0F993B}.Release|Any CPU.Build.0 = Release|Any CPU
		{1B248BEA-9875-4A5B-8F37-77B91920842D}.Debug|Any CPU.ActiveCfg = Debug|Any CPU
		{1B248BEA-9875-4A5B-8F37-77B91920842D}.Debug|Any CPU.Build.0 = Debug|Any CPU
		{1B248BEA-9875-4A5B-8F37-77B91920842D}.Release|Any CPU.ActiveCfg = Release|Any CPU
		{1B248BEA-9875-4A5B-8F37-77B91920842D}.Release|Any CPU.Build.0 = Release|Any CPU
		{7CA922E2-B7FD-4D21-9238-8CD08E91B12B}.Debug|Any CPU.ActiveCfg = Debug|Any CPU
		{7CA922E2-B7FD-4D21-9238-8CD08E91B12B}.Debug|Any CPU.Build.0 = Debug|Any CPU
		{7CA922E2-B7FD-4D21-9238-8CD08E91B12B}.Release|Any CPU.ActiveCfg = Release|Any CPU
		{7CA922E2-B7FD-4D21-9238-8CD08E91B12B}.Release|Any CPU.Build.0 = Release|Any CPU
	EndGlobalSection
	GlobalSection(SolutionProperties) = preSolution
		HideSolutionNode = FALSE
	EndGlobalSection
	GlobalSection(ExtensibilityGlobals) = postSolution
		SolutionGuid = {00F3E808-DD2B-4183-BAD6-7BFB1B4C8118}
	EndGlobalSection
EndGlobal
